// !$*UTF8*$!
{
	archiveVersion = 1;
	classes = {
	};
	objectVersion = 50;
	objects = {

/* Begin PBXBuildFile section */
		639A3FDC23FC3C760088FD5E /* AppDelegate.swift in Sources */ = {isa = PBXBuildFile; fileRef = 639A3FDB23FC3C760088FD5E /* AppDelegate.swift */; };
		639A3FDE23FC3C760088FD5E /* SceneDelegate.swift in Sources */ = {isa = PBXBuildFile; fileRef = 639A3FDD23FC3C760088FD5E /* SceneDelegate.swift */; };
		639A3FE023FC3C760088FD5E /* ViewController.swift in Sources */ = {isa = PBXBuildFile; fileRef = 639A3FDF23FC3C760088FD5E /* ViewController.swift */; };
		639A3FE323FC3C760088FD5E /* Main.storyboard in Resources */ = {isa = PBXBuildFile; fileRef = 639A3FE123FC3C760088FD5E /* Main.storyboard */; };
		639A3FE523FC3C760088FD5E /* Assets.xcassets in Resources */ = {isa = PBXBuildFile; fileRef = 639A3FE423FC3C760088FD5E /* Assets.xcassets */; };
		639A3FE823FC3C760088FD5E /* LaunchScreen.storyboard in Resources */ = {isa = PBXBuildFile; fileRef = 639A3FE623FC3C760088FD5E /* LaunchScreen.storyboard */; };
/* End PBXBuildFile section */

/* Begin PBXFileReference section */
		639A3FD823FC3C760088FD5E /* LoginPage1.app */ = {isa = PBXFileReference; explicitFileType = wrapper.application; includeInIndex = 0; path = LoginPage1.app; sourceTree = BUILT_PRODUCTS_DIR; };
		639A3FDB23FC3C760088FD5E /* AppDelegate.swift */ = {isa = PBXFileReference; lastKnownFileType = sourcecode.swift; path = AppDelegate.swift; sourceTree = "<group>"; };
		639A3FDD23FC3C760088FD5E /* SceneDelegate.swift */ = {isa = PBXFileReference; lastKnownFileType = sourcecode.swift; path = SceneDelegate.swift; sourceTree = "<group>"; };
		639A3FDF23FC3C760088FD5E /* ViewController.swift */ = {isa = PBXFileReference; lastKnownFileType = sourcecode.swift; path = ViewController.swift; sourceTree = "<group>"; };
		639A3FE223FC3C760088FD5E /* Base */ = {isa = PBXFileReference; lastKnownFileType = file.storyboard; name = Base; path = Base.lproj/Main.storyboard; sourceTree = "<group>"; };
		639A3FE423FC3C760088FD5E /* Assets.xcassets */ = {isa = PBXFileReference; lastKnownFileType = folder.assetcatalog; path = Assets.xcassets; sourceTree = "<group>"; };
		639A3FE723FC3C760088FD5E /* Base */ = {isa = PBXFileReference; lastKnownFileType = file.storyboard; name = Base; path = Base.lproj/LaunchScreen.storyboard; sourceTree = "<group>"; };
		639A3FE923FC3C760088FD5E /* Info.plist */ = {isa = PBXFileReference; lastKnownFileType = text.plist.xml; path = Info.plist; sourceTree = "<group>"; };
/* End PBXFileReference section */

/* Begin PBXFrameworksBuildPhase section */
		639A3FD523FC3C760088FD5E /* Frameworks */ = {
			isa = PBXFrameworksBuildPhase;
			buildActionMask = 2147483647;
			files = (
			);
			runOnlyForDeploymentPostprocessing = 0;
		};
/* End PBXFrameworksBuildPhase section */

/* Begin PBXGroup section */
		639A3FCF23FC3C760088FD5E = {
			isa = PBXGroup;
			children = (
				639A3FDA23FC3C760088FD5E /* LoginPage1 */,
				639A3FD923FC3C760088FD5E /* Products */,
			);
			sourceTree = "<group>";
		};
		639A3FD923FC3C760088FD5E /* Products */ = {
			isa = PBXGroup;
			children = (
				639A3FD823FC3C760088FD5E /* LoginPage1.app */,
			);
			name = Products;
			sourceTree = "<group>";
		};
		639A3FDA23FC3C760088FD5E /* LoginPage1 */ = {
			isa = PBXGroup;
			children = (
				639A3FDB23FC3C760088FD5E /* AppDelegate.swift */,
				639A3FDD23FC3C760088FD5E /* SceneDelegate.swift */,
				639A3FDF23FC3C760088FD5E /* ViewController.swift */,
				639A3FE123FC3C760088FD5E /* Main.storyboard */,
				639A3FE423FC3C760088FD5E /* Assets.xcassets */,
				639A3FE623FC3C760088FD5E /* LaunchScreen.storyboard */,
				639A3FE923FC3C760088FD5E /* Info.plist */,
			);
			path = LoginPage1;
			sourceTree = "<group>";
		};
/* End PBXGroup section */

/* Begin PBXNativeTarget section */
		639A3FD723FC3C760088FD5E /* LoginPage1 */ = {
			isa = PBXNativeTarget;
			buildConfigurationList = 639A3FEC23FC3C760088FD5E /* Build configuration list for PBXNativeTarget "LoginPage1" */;
			buildPhases = (
				639A3FD423FC3C760088FD5E /* Sources */,
				639A3FD523FC3C760088FD5E /* Frameworks */,
				639A3FD623FC3C760088FD5E /* Resources */,
			);
			buildRules = (
			);
			dependencies = (
			);
			name = LoginPage1;
			productName = LoginPage1;
			productReference = 639A3FD823FC3C760088FD5E /* LoginPage1.app */;
			productType = "com.apple.product-type.application";
		};
/* End PBXNativeTarget section */

/* Begin PBXProject section */
		639A3FD023FC3C760088FD5E /* Project object */ = {
			isa = PBXProject;
			attributes = {
				LastSwiftUpdateCheck = 1130;
				LastUpgradeCheck = 1130;
				ORGANIZATIONNAME = "Riya Gupta";
				TargetAttributes = {
					639A3FD723FC3C760088FD5E = {
						CreatedOnToolsVersion = 11.3;
					};
				};
			};
			buildConfigurationList = 639A3FD323FC3C760088FD5E /* Build configuration list for PBXProject "LoginPage1" */;
			compatibilityVersion = "Xcode 9.3";
			developmentRegion = en;
			hasScannedForEncodings = 0;
			knownRegions = (
				en,
				Base,
			);
			mainGroup = 639A3FCF23FC3C760088FD5E;
			productRefGroup = 639A3FD923FC3C760088FD5E /* Products */;
			projectDirPath = "";
			projectRoot = "";
			targets = (
				639A3FD723FC3C760088FD5E /* LoginPage1 */,
			);
		};
/* End PBXProject section */

/* Begin PBXResourcesBuildPhase section */
		639A3FD623FC3C760088FD5E /* Resources */ = {
			isa = PBXResourcesBuildPhase;
			buildActionMask = 2147483647;
			files = (
				639A3FE823FC3C760088FD5E /* LaunchScreen.storyboard in Resources */,
				639A3FE523FC3C760088FD5E /* Assets.xcassets in Resources */,
				639A3FE323FC3C760088FD5E /* Main.storyboard in Resources */,
			);
			runOnlyForDeploymentPostprocessing = 0;
		};
/* End PBXResourcesBuildPhase section */

/* Begin PBXSourcesBuildPhase section */
		639A3FD423FC3C760088FD5E /* Sources */ = {
			isa = PBXSourcesBuildPhase;
			buildActionMask = 2147483647;
			files = (
				639A3FE023FC3C760088FD5E /* ViewController.swift in Sources */,
				639A3FDC23FC3C760088FD5E /* AppDelegate.swift in Sources */,
				639A3FDE23FC3C760088FD5E /* SceneDelegate.swift in Sources */,
			);
			runOnlyForDeploymentPostprocessing = 0;
		};
/* End PBXSourcesBuildPhase section */

/* Begin PBXVariantGroup section */
		639A3FE123FC3C760088FD5E /* Main.storyboard */ = {
			isa = PBXVariantGroup;
			children = (
				639A3FE223FC3C760088FD5E /* Base */,
			);
			name = Main.storyboard;
			sourceTree = "<group>";
		};
		639A3FE623FC3C760088FD5E /* LaunchScreen.storyboard */ = {
			isa = PBXVariantGroup;
			children = (
				639A3FE723FC3C760088FD5E /* Base */,
			);
			name = LaunchScreen.storyboard;
			sourceTree = "<group>";
		};
/* End PBXVariantGroup section */

/* Begin XCBuildConfiguration section */
		639A3FEA23FC3C760088FD5E /* Debug */ = {
			isa = XCBuildConfiguration;
			buildSettings = {
				ALWAYS_SEARCH_USER_PATHS = NO;
				CLANG_ANALYZER_NONNULL = YES;
				CLANG_ANALYZER_NUMBER_OBJECT_CONVERSION = YES_AGGRESSIVE;
				CLANG_CXX_LANGUAGE_STANDARD = "gnu++14";
				CLANG_CXX_LIBRARY = "libc++";
				CLANG_ENABLE_MODULES = YES;
				CLANG_ENABLE_OBJC_ARC = YES;
				CLANG_ENABLE_OBJC_WEAK = YES;
				CLANG_WARN_BLOCK_CAPTURE_AUTORELEASING = YES;
				CLANG_WARN_BOOL_CONVERSION = YES;
				CLANG_WARN_COMMA = YES;
				CLANG_WARN_CONSTANT_CONVERSION = YES;
				CLANG_WARN_DEPRECATED_OBJC_IMPLEMENTATIONS = YES;
				CLANG_WARN_DIRECT_OBJC_ISA_USAGE = YES_ERROR;
				CLANG_WARN_DOCUMENTATION_COMMENTS = YES;
				CLANG_WARN_EMPTY_BODY = YES;
				CLANG_WARN_ENUM_CONVERSION = YES;
				CLANG_WARN_INFINITE_RECURSION = YES;
				CLANG_WARN_INT_CONVERSION = YES;
				CLANG_WARN_NON_LITERAL_NULL_CONVERSION = YES;
				CLANG_WARN_OBJC_IMPLICIT_RETAIN_SELF = YES;
				CLANG_WARN_OBJC_LITERAL_CONVERSION = YES;
				CLANG_WARN_OBJC_ROOT_CLASS = YES_ERROR;
				CLANG_WARN_RANGE_LOOP_ANALYSIS = YES;
				CLANG_WARN_STRICT_PROTOTYPES = YES;
				CLANG_WARN_SUSPICIOUS_MOVE = YES;
				CLANG_WARN_UNGUARDED_AVAILABILITY = YES_AGGRESSIVE;
				CLANG_WARN_UNREACHABLE_CODE = YES;
				CLANG_WARN__DUPLICATE_METHOD_MATCH = YES;
				COPY_PHASE_STRIP = NO;
				DEBUG_INFORMATION_FORMAT = dwarf;
				ENABLE_STRICT_OBJC_MSGSEND = YES;
				ENABLE_TESTABILITY = YES;
				GCC_C_LANGUAGE_STANDARD = gnu11;
				GCC_DYNAMIC_NO_PIC = NO;
				GCC_NO_COMMON_BLOCKS = YES;
				GCC_OPTIMIZATION_LEVEL = 0;
				GCC_PREPROCESSOR_DEFINITIONS = (
					"DEBUG=1",
					"$(inherited)",
				);
				GCC_WARN_64_TO_32_BIT_CONVERSION = YES;
				GCC_WARN_ABOUT_RETURN_TYPE = YES_ERROR;
				GCC_WARN_UNDECLARED_SELECTOR = YES;
				GCC_WARN_UNINITIALIZED_AUTOS = YES_AGGRESSIVE;
				GCC_WARN_UNUSED_FUNCTION = YES;
				GCC_WARN_UNUSED_VARIABLE = YES;
				IPHONEOS_DEPLOYMENT_TARGET = 13.2;
				MTL_ENABLE_DEBUG_INFO = INCLUDE_SOURCE;
				MTL_FAST_MATH = YES;
				ONLY_ACTIVE_ARCH = YES;
				SDKROOT = iphoneos;
				SWIFT_ACTIVE_COMPILATION_CONDITIONS = DEBUG;
				SWIFT_OPTIMIZATION_LEVEL = "-Onone";
			};
			name = Debug;
		};
		639A3FEB23FC3C760088FD5E /* Release */ = {
			isa = XCBuildConfiguration;
			buildSettings = {
				ALWAYS_SEARCH_USER_PATHS = NO;
				CLANG_ANALYZER_NONNULL = YES;
				CLANG_ANALYZER_NUMBER_OBJECT_CONVERSION = YES_AGGRESSIVE;
				CLANG_CXX_LANGUAGE_STANDARD = "gnu++14";
				CLANG_CXX_LIBRARY = "libc++";
				CLANG_ENABLE_MODULES = YES;
				CLANG_ENABLE_OBJC_ARC = YES;
				CLANG_ENABLE_OBJC_WEAK = YES;
				CLANG_WARN_BLOCK_CAPTURE_AUTORELEASING = YES;
				CLANG_WARN_BOOL_CONVERSION = YES;
				CLANG_WARN_COMMA = YES;
				CLANG_WARN_CONSTANT_CONVERSION = YES;
				CLANG_WARN_DEPRECATED_OBJC_IMPLEMENTATIONS = YES;
				CLANG_WARN_DIRECT_OBJC_ISA_USAGE = YES_ERROR;
				CLANG_WARN_DOCUMENTATION_COMMENTS = YES;
				CLANG_WARN_EMPTY_BODY = YES;
				CLANG_WARN_ENUM_CONVERSION = YES;
				CLANG_WARN_INFINITE_RECURSION = YES;
				CLANG_WARN_INT_CONVERSION = YES;
				CLANG_WARN_NON_LITERAL_NULL_CONVERSION = YES;
				CLANG_WARN_OBJC_IMPLICIT_RETAIN_SELF = YES;
				CLANG_WARN_OBJC_LITERAL_CONVERSION = YES;
				CLANG_WARN_OBJC_ROOT_CLASS = YES_ERROR;
				CLANG_WARN_RANGE_LOOP_ANALYSIS = YES;
				CLANG_WARN_STRICT_PROTOTYPES = YES;
				CLANG_WARN_SUSPICIOUS_MOVE = YES;
				CLANG_WARN_UNGUARDED_AVAILABILITY = YES_AGGRESSIVE;
				CLANG_WARN_UNREACHABLE_CODE = YES;
				CLANG_WARN__DUPLICATE_METHOD_MATCH = YES;
				COPY_PHASE_STRIP = NO;
				DEBUG_INFORMATION_FORMAT = "dwarf-with-dsym";
				ENABLE_NS_ASSERTIONS = NO;
				ENABLE_STRICT_OBJC_MSGSEND = YES;
				GCC_C_LANGUAGE_STANDARD = gnu11;
				GCC_NO_COMMON_BLOCKS = YES;
				GCC_WARN_64_TO_32_BIT_CONVERSION = YES;
				GCC_WARN_ABOUT_RETURN_TYPE = YES_ERROR;
				GCC_WARN_UNDECLARED_SELECTOR = YES;
				GCC_WARN_UNINITIALIZED_AUTOS = YES_AGGRESSIVE;
				GCC_WARN_UNUSED_FUNCTION = YES;
				GCC_WARN_UNUSED_VARIABLE = YES;
				IPHONEOS_DEPLOYMENT_TARGET = 13.2;
				MTL_ENABLE_DEBUG_INFO = NO;
				MTL_FAST_MATH = YES;
				SDKROOT = iphoneos;
				SWIFT_COMPILATION_MODE = wholemodule;
				SWIFT_OPTIMIZATION_LEVEL = "-O";
				VALIDATE_PRODUCT = YES;
			};
			name = Release;
		};
		639A3FED23FC3C760088FD5E /* Debug */ = {
			isa = XCBuildConfiguration;
			buildSettings = {
				ASSETCATALOG_COMPILER_APPICON_NAME = AppIcon;
				CODE_SIGN_STYLE = Automatic;
				DEVELOPMENT_TEAM = 3G98XJ8SUW;
				INFOPLIST_FILE = LoginPage1/Info.plist;
				LD_RUNPATH_SEARCH_PATHS = (
					"$(inherited)",
					"@executable_path/Frameworks",
				);
				PRODUCT_BUNDLE_IDENTIFIER = "Riya-Gupta.LoginPage1";
				PRODUCT_NAME = "$(TARGET_NAME)";
				SWIFT_VERSION = 5.0;
				TARGETED_DEVICE_FAMILY = "1,2";
			};
			name = Debug;
		};
		639A3FEE23FC3C760088FD5E /* Release */ = {
			isa = XCBuildConfiguration;
			buildSettings = {
				ASSETCATALOG_COMPILER_APPICON_NAME = AppIcon;
				CODE_SIGN_STYLE = Automatic;
				DEVELOPMENT_TEAM = 3G98XJ8SUW;
				INFOPLIST_FILE = LoginPage1/Info.plist;
				LD_RUNPATH_SEARCH_PATHS = (
					"$(inherited)",
					"@executable_path/Frameworks",
				);
				PRODUCT_BUNDLE_IDENTIFIER = "Riya-Gupta.LoginPage1";
				PRODUCT_NAME = "$(TARGET_NAME)";
				SWIFT_VERSION = 5.0;
				TARGETED_DEVICE_FAMILY = "1,2";
			};
			name = Release;
		};
/* End XCBuildConfiguration section */

/* Begin XCConfigurationList section */
		639A3FD323FC3C760088FD5E /* Build configuration list for PBXProject "LoginPage1" */ = {
			isa = XCConfigurationList;
			buildConfigurations = (
				639A3FEA23FC3C760088FD5E /* Debug */,
				639A3FEB23FC3C760088FD5E /* Release */,
			);
			defaultConfigurationIsVisible = 0;
			defaultConfigurationName = Release;
		};
		639A3FEC23FC3C760088FD5E /* Build configuration list for PBXNativeTarget "LoginPage1" */ = {
			isa = XCConfigurationList;
			buildConfigurations = (
				639A3FED23FC3C760088FD5E /* Debug */,
				639A3FEE23FC3C760088FD5E /* Release */,
			);
			defaultConfigurationIsVisible = 0;
			defaultConfigurationName = Release;
		};
/* End XCConfigurationList section */
	};
	rootObject = 639A3FD023FC3C760088FD5E /* Project object */;
}
